{
  "name": "node",
  "version": "1.0.0",
  "lockfileVersion": 1,
  "requires": true,
  "dependencies": {
    "co": {
      "version": "4.6.0",
      "resolved": "http://registry.npm.taobao.org/co/download/co-4.6.0.tgz",
      "integrity": "sha1-bqa989hTrlTMuOR7+gvz+QMfsYQ="
    },
    "co-redis": {
      "version": "2.1.1",
      "resolved": "http://registry.npm.taobao.org/co-redis/download/co-redis-2.1.1.tgz",
      "integrity": "sha1-i8NxeXfJ7lv7ayjzmuAbz3JNLd4=",
      "requires": {
        "es6-promisify": "4.1.0"
      }
    },
    "double-ended-queue": {
      "version": "2.1.0-0",
      "resolved": "http://registry.npm.taobao.org/double-ended-queue/download/double-ended-queue-2.1.0-0.tgz",
      "integrity": "sha1-ED01J/0xUo9AGIEwyEHv3XgmTlw="
    },
    "es6-promise": {
      "version": "3.3.1",
      "resolved": "http://registry.npm.taobao.org/es6-promise/download/es6-promise-3.3.1.tgz",
      "integrity": "sha1-oIzd6EzNvzTQJ6FFG8kdS80ophM="
    },
    "es6-promisify": {
      "version": "4.1.0",
      "resolved": "http://registry.npm.taobao.org/es6-promisify/download/es6-promisify-4.1.0.tgz",
      "integrity": "sha1-28waPpP9uOnnCXRBgrfSCAwD/bM=",
      "requires": {
        "es6-promise": "3.3.1"
      }
    },
    "redis": {
      "version": "2.8.0",
      "resolved": "http://registry.npm.taobao.org/redis/download/redis-2.8.0.tgz",
      "integrity": "sha1-ICKI4/WMSfYHnZevehDhMDrhSwI=",
      "requires": {
        "double-ended-queue": "2.1.0-0",
        "redis-commands": "1.4.0",
        "redis-parser": "2.6.0"
      }
    },
    "redis-commands": {
      "version": "1.4.0",
      "resolved": "http://registry.npm.taobao.org/redis-commands/download/redis-commands-1.4.0.tgz",
      "integrity": "sha1-UvnPmRU+/M5WqPhq+Ya9BOmIYC8="
    },
    "redis-parser": {
      "version": "2.6.0",
      "resolved": "http://registry.npm.taobao.org/redis-parser/download/redis-parser-2.6.0.tgz",
      "integrity": "sha1-Uu0J2srBCPGmMcB+m2mUHnoZUEs="
    }
  }
}
